
Microsoft Visual Studio Solution File, Format Version 12.00
# Visual Studio 15
VisualStudioVersion = 15.0.26228.4
MinimumVisualStudioVersion = 10.0.40219.1
Project("{FAE04EC0-301F-11D3-BF4B-00C04F79EFBC}") = "Diablo2HeroEditor", "Source\FrontEnd\Diablo2HeroEditor.csproj", "{45026BAB-0C2A-4083-98AA-753EA45167A5}"
EndProject
Project("{FAE04EC0-301F-11D3-BF4B-00C04F79EFBC}") = "Diablo2FileFormat", "Source\Diablo2FileFormat\Diablo2FileFormat.csproj", "{F4977219-BFAD-4B52-979B-CB10219C1D5F}"
EndProject
Global
	GlobalSection(SolutionConfigurationPlatforms) = preSolution
		Debug|Any CPU = Debug|Any CPU
		Release|Any CPU = Release|Any CPU
	EndGlobalSection
	GlobalSection(ProjectConfigurationPlatforms) = postSolution
		{45026BAB-0C2A-4083-98AA-753EA45167A5}.Debug|Any CPU.ActiveCfg = Debug|Any CPU
		{45026BAB-0C2A-4083-98AA-753EA45167A5}.Debug|Any CPU.Build.0 = Debug|Any CPU
		{45026BAB-0C2A-4083-98AA-753EA45167A5}.Release|Any CPU.ActiveCfg = Release|Any CPU
		{45026BAB-0C2A-4083-98AA-753EA45167A5}.Release|Any CPU.Build.0 = Release|Any CPU
		{F4977219-BFAD-4B52-979B-CB10219C1D5F}.Debug|Any CPU.ActiveCfg = Debug|Any CPU
		{F4977219-BFAD-4B52-979B-CB10219C1D5F}.Debug|Any CPU.Build.0 = Debug|Any CPU
		{F4977219-BFAD-4B52-979B-CB10219C1D5F}.Release|Any CPU.ActiveCfg = Release|Any CPU
		{F4977219-BFAD-4B52-979B-CB10219C1D5F}.Release|Any CPU.Build.0 = Release|Any CPU
	EndGlobalSection
	GlobalSection(SolutionProperties) = preSolution
		HideSolutionNode = FALSE
	EndGlobalSection
EndGlobal
